
Microsoft Visual Studio Solution File, Format Version 12.00
# Visual Studio Version 16
VisualStudioVersion = 16.0.30523.141
MinimumVisualStudioVersion = 10.0.40219.1
Project("{9A19103F-16F7-4668-BE54-9A1E7A4F7556}") = "InventoryBlazorApp", "InventoryBlazorApp\InventoryBlazorApp.csproj", "{4D0595B9-7872-41B6-9467-CAFCCD23DDDD}"
EndProject
Project("{9A19103F-16F7-4668-BE54-9A1E7A4F7556}") = "Entities", "Entities\Entities.csproj", "{04A9148B-1DF1-440A-B266-B4E4B875387D}"
EndProject
Project("{9A19103F-16F7-4668-BE54-9A1E7A4F7556}") = "DataAccess", "DataAccess\DataAccess.csproj", "{6A41FDE6-64B8-4089-B5A2-79ED1BBA64FC}"
EndProject
Project("{9A19103F-16F7-4668-BE54-9A1E7A4F7556}") = "Business", "Business\Business.csproj", "{62221DB6-25AA-44BD-AFF1-A6696955FB12}"
EndProject
Global
	GlobalSection(SolutionConfigurationPlatforms) = preSolution
		Debug|Any CPU = Debug|Any CPU
		Release|Any CPU = Release|Any CPU
	EndGlobalSection
	GlobalSection(ProjectConfigurationPlatforms) = postSolution
		{4D0595B9-7872-41B6-9467-CAFCCD23DDDD}.Debug|Any CPU.ActiveCfg = Debug|Any CPU
		{4D0595B9-7872-41B6-9467-CAFCCD23DDDD}.Debug|Any CPU.Build.0 = Debug|Any CPU
		{4D0595B9-7872-41B6-9467-CAFCCD23DDDD}.Release|Any CPU.ActiveCfg = Release|Any CPU
		{4D0595B9-7872-41B6-9467-CAFCCD23DDDD}.Release|Any CPU.Build.0 = Release|Any CPU
		{04A9148B-1DF1-440A-B266-B4E4B875387D}.Debug|Any CPU.ActiveCfg = Debug|Any CPU
		{04A9148B-1DF1-440A-B266-B4E4B875387D}.Debug|Any CPU.Build.0 = Debug|Any CPU
		{04A9148B-1DF1-440A-B266-B4E4B875387D}.Release|Any CPU.ActiveCfg = Release|Any CPU
		{04A9148B-1DF1-440A-B266-B4E4B875387D}.Release|Any CPU.Build.0 = Release|Any CPU
		{6A41FDE6-64B8-4089-B5A2-79ED1BBA64FC}.Debug|Any CPU.ActiveCfg = Debug|Any CPU
		{6A41FDE6-64B8-4089-B5A2-79ED1BBA64FC}.Debug|Any CPU.Build.0 = Debug|Any CPU
		{6A41FDE6-64B8-4089-B5A2-79ED1BBA64FC}.Release|Any CPU.ActiveCfg = Release|Any CPU
		{6A41FDE6-64B8-4089-B5A2-79ED1BBA64FC}.Release|Any CPU.Build.0 = Release|Any CPU
		{62221DB6-25AA-44BD-AFF1-A6696955FB12}.Debug|Any CPU.ActiveCfg = Debug|Any CPU
		{62221DB6-25AA-44BD-AFF1-A6696955FB12}.Debug|Any CPU.Build.0 = Debug|Any CPU
		{62221DB6-25AA-44BD-AFF1-A6696955FB12}.Release|Any CPU.ActiveCfg = Release|Any CPU
		{62221DB6-25AA-44BD-AFF1-A6696955FB12}.Release|Any CPU.Build.0 = Release|Any CPU
	EndGlobalSection
	GlobalSection(SolutionProperties) = preSolution
		HideSolutionNode = FALSE
	EndGlobalSection
	GlobalSection(ExtensibilityGlobals) = postSolution
		SolutionGuid = {D5C65456-EBE9-4628-982B-AE95709BDD81}
	EndGlobalSection
EndGlobal
